Microsoft Visual Studio Solution File, Format Version 11.00
# Visual Studio 2008

Project("{BDDA9FE5-CECB-3B39-BD11-8DD98A2A2E17}") = "MathInMotion", "Assembly-CSharp-firstpass.csproj", "{9075EAB7-6EA8-22D5-71E5-FAF51BE2B2D7}"
EndProject
Project("{BDDA9FE5-CECB-3B39-BD11-8DD98A2A2E17}") = "MathInMotion", "Assembly-CSharp.csproj", "{C49FF95E-1869-FD9B-FB6A-E3A3EEB457DB}"
EndProject
Project("{BDDA9FE5-CECB-3B39-BD11-8DD98A2A2E17}") = "MathInMotion", "Assembly-UnityScript-firstpass.unityproj", "{95607AAF-A963-799A-4AEB-A17392CCCDC7}"
EndProject
Project("{BDDA9FE5-CECB-3B39-BD11-8DD98A2A2E17}") = "MathInMotion", "Assembly-UnityScript.unityproj", "{5526550F-D7A5-EE11-DAE7-123A68C937EC}"
EndProject
Global
	GlobalSection(SolutionConfigurationPlatforms) = preSolution
		Debug|Any CPU = Debug|Any CPU
		Release|Any CPU = Release|Any CPU
	EndGlobalSection
	GlobalSection(ProjectConfigurationPlatforms) = postSolution
		{9075EAB7-6EA8-22D5-71E5-FAF51BE2B2D7}.Debug|Any CPU.ActiveCfg = Debug|Any CPU
		{9075EAB7-6EA8-22D5-71E5-FAF51BE2B2D7}.Debug|Any CPU.Build.0 = Debug|Any CPU
		{9075EAB7-6EA8-22D5-71E5-FAF51BE2B2D7}.Release|Any CPU.ActiveCfg = Release|Any CPU
		{9075EAB7-6EA8-22D5-71E5-FAF51BE2B2D7}.Release|Any CPU.Build.0 = Release|Any CPU
		{C49FF95E-1869-FD9B-FB6A-E3A3EEB457DB}.Debug|Any CPU.ActiveCfg = Debug|Any CPU
		{C49FF95E-1869-FD9B-FB6A-E3A3EEB457DB}.Debug|Any CPU.Build.0 = Debug|Any CPU
		{C49FF95E-1869-FD9B-FB6A-E3A3EEB457DB}.Release|Any CPU.ActiveCfg = Release|Any CPU
		{C49FF95E-1869-FD9B-FB6A-E3A3EEB457DB}.Release|Any CPU.Build.0 = Release|Any CPU
		{95607AAF-A963-799A-4AEB-A17392CCCDC7}.Debug|Any CPU.ActiveCfg = Debug|Any CPU
		{95607AAF-A963-799A-4AEB-A17392CCCDC7}.Debug|Any CPU.Build.0 = Debug|Any CPU
		{95607AAF-A963-799A-4AEB-A17392CCCDC7}.Release|Any CPU.ActiveCfg = Release|Any CPU
		{95607AAF-A963-799A-4AEB-A17392CCCDC7}.Release|Any CPU.Build.0 = Release|Any CPU
		{5526550F-D7A5-EE11-DAE7-123A68C937EC}.Debug|Any CPU.ActiveCfg = Debug|Any CPU
		{5526550F-D7A5-EE11-DAE7-123A68C937EC}.Debug|Any CPU.Build.0 = Debug|Any CPU
		{5526550F-D7A5-EE11-DAE7-123A68C937EC}.Release|Any CPU.ActiveCfg = Release|Any CPU
		{5526550F-D7A5-EE11-DAE7-123A68C937EC}.Release|Any CPU.Build.0 = Release|Any CPU
	EndGlobalSection
	GlobalSection(SolutionProperties) = preSolution
		HideSolutionNode = FALSE
	EndGlobalSection
																						GlobalSection(MonoDevelopProperties) = preSolution
=======
																				GlobalSection(MonoDevelopProperties) = preSolution
>>>>>>> db923aced94b517cb5727ad2e5d88f7f7d86d25d
=======
																										GlobalSection(MonoDevelopProperties) = preSolution
>>>>>>> d5286b1c8000be32cace229608cb8b016c204750
=======
																										GlobalSection(MonoDevelopProperties) = preSolution
>>>>>>> aaccef2eae6836a19f8a4f4938b84c11f1d64ba2
		StartupItem = Assembly-CSharp.csproj
		Policies = $0
		$0.TextStylePolicy = $1
		$1.inheritsSet = null
		$1.scope = text/x-csharp
		$0.CSharpFormattingPolicy = $2
		$2.inheritsSet = Mono
		$2.inheritsScope = text/x-csharp
		$2.scope = text/x-csharp
		$0.TextStylePolicy = $3
		$3.FileWidth = 120
		$3.TabWidth = 4
		$3.EolMarker = Unix
		$3.inheritsSet = Mono
		$3.inheritsScope = text/plain
		$3.scope = text/plain
	EndGlobalSection

EndGlobal
